
Microsoft Visual Studio Solution File, Format Version 12.00
# Visual Studio 15
VisualStudioVersion = 15.0.26124.0
MinimumVisualStudioVersion = 15.0.26124.0
Project("{2150E333-8FDC-42A3-9474-1A3956D46DE8}") = "src", "src", "{42210368-825C-47FE-949B-A479AF832793}"
EndProject
Project("{FAE04EC0-301F-11D3-BF4B-00C04F79EFBC}") = "IdentityServer", "src\IdentityServer\IdentityServer.csproj", "{ECD709AA-AD52-4C76-8FA4-4BD4243CBC8D}"
EndProject
Project("{FAE04EC0-301F-11D3-BF4B-00C04F79EFBC}") = "Api", "src\Api\Api.csproj", "{9499328E-E9A3-4A0E-B79E-3C6146B08815}"
EndProject
Project("{FAE04EC0-301F-11D3-BF4B-00C04F79EFBC}") = "Client", "src\Client\Client.csproj", "{B074C997-C015-4082-919B-58F6A88FF76E}"
EndProject
Project("{FAE04EC0-301F-11D3-BF4B-00C04F79EFBC}") = "MVCClient", "src\MVCClient\MVCClient.csproj", "{92AE8F8B-1BC0-4107-8DD7-97780DA23024}"
EndProject
Project("{FAE04EC0-301F-11D3-BF4B-00C04F79EFBC}") = "JavaScriptClient", "src\JavaScriptClient\JavaScriptClient.csproj", "{C52C13B0-E64C-44A0-AE4F-2CAFA042BD4B}"
EndProject
Global
	GlobalSection(SolutionConfigurationPlatforms) = preSolution
		Debug|Any CPU = Debug|Any CPU
		Debug|x64 = Debug|x64
		Debug|x86 = Debug|x86
		Release|Any CPU = Release|Any CPU
		Release|x64 = Release|x64
		Release|x86 = Release|x86
	EndGlobalSection
	GlobalSection(SolutionProperties) = preSolution
		HideSolutionNode = FALSE
	EndGlobalSection
	GlobalSection(ProjectConfigurationPlatforms) = postSolution
		{ECD709AA-AD52-4C76-8FA4-4BD4243CBC8D}.Debug|Any CPU.ActiveCfg = Debug|Any CPU
		{ECD709AA-AD52-4C76-8FA4-4BD4243CBC8D}.Debug|Any CPU.Build.0 = Debug|Any CPU
		{ECD709AA-AD52-4C76-8FA4-4BD4243CBC8D}.Debug|x64.ActiveCfg = Debug|Any CPU
		{ECD709AA-AD52-4C76-8FA4-4BD4243CBC8D}.Debug|x64.Build.0 = Debug|Any CPU
		{ECD709AA-AD52-4C76-8FA4-4BD4243CBC8D}.Debug|x86.ActiveCfg = Debug|Any CPU
		{ECD709AA-AD52-4C76-8FA4-4BD4243CBC8D}.Debug|x86.Build.0 = Debug|Any CPU
		{ECD709AA-AD52-4C76-8FA4-4BD4243CBC8D}.Release|Any CPU.ActiveCfg = Release|Any CPU
		{ECD709AA-AD52-4C76-8FA4-4BD4243CBC8D}.Release|Any CPU.Build.0 = Release|Any CPU
		{ECD709AA-AD52-4C76-8FA4-4BD4243CBC8D}.Release|x64.ActiveCfg = Release|Any CPU
		{ECD709AA-AD52-4C76-8FA4-4BD4243CBC8D}.Release|x64.Build.0 = Release|Any CPU
		{ECD709AA-AD52-4C76-8FA4-4BD4243CBC8D}.Release|x86.ActiveCfg = Release|Any CPU
		{ECD709AA-AD52-4C76-8FA4-4BD4243CBC8D}.Release|x86.Build.0 = Release|Any CPU
		{9499328E-E9A3-4A0E-B79E-3C6146B08815}.Debug|Any CPU.ActiveCfg = Debug|Any CPU
		{9499328E-E9A3-4A0E-B79E-3C6146B08815}.Debug|Any CPU.Build.0 = Debug|Any CPU
		{9499328E-E9A3-4A0E-B79E-3C6146B08815}.Debug|x64.ActiveCfg = Debug|Any CPU
		{9499328E-E9A3-4A0E-B79E-3C6146B08815}.Debug|x64.Build.0 = Debug|Any CPU
		{9499328E-E9A3-4A0E-B79E-3C6146B08815}.Debug|x86.ActiveCfg = Debug|Any CPU
		{9499328E-E9A3-4A0E-B79E-3C6146B08815}.Debug|x86.Build.0 = Debug|Any CPU
		{9499328E-E9A3-4A0E-B79E-3C6146B08815}.Release|Any CPU.ActiveCfg = Release|Any CPU
		{9499328E-E9A3-4A0E-B79E-3C6146B08815}.Release|Any CPU.Build.0 = Release|Any CPU
		{9499328E-E9A3-4A0E-B79E-3C6146B08815}.Release|x64.ActiveCfg = Release|Any CPU
		{9499328E-E9A3-4A0E-B79E-3C6146B08815}.Release|x64.Build.0 = Release|Any CPU
		{9499328E-E9A3-4A0E-B79E-3C6146B08815}.Release|x86.ActiveCfg = Release|Any CPU
		{9499328E-E9A3-4A0E-B79E-3C6146B08815}.Release|x86.Build.0 = Release|Any CPU
		{B074C997-C015-4082-919B-58F6A88FF76E}.Debug|Any CPU.ActiveCfg = Debug|Any CPU
		{B074C997-C015-4082-919B-58F6A88FF76E}.Debug|Any CPU.Build.0 = Debug|Any CPU
		{B074C997-C015-4082-919B-58F6A88FF76E}.Debug|x64.ActiveCfg = Debug|Any CPU
		{B074C997-C015-4082-919B-58F6A88FF76E}.Debug|x64.Build.0 = Debug|Any CPU
		{B074C997-C015-4082-919B-58F6A88FF76E}.Debug|x86.ActiveCfg = Debug|Any CPU
		{B074C997-C015-4082-919B-58F6A88FF76E}.Debug|x86.Build.0 = Debug|Any CPU
		{B074C997-C015-4082-919B-58F6A88FF76E}.Release|Any CPU.ActiveCfg = Release|Any CPU
		{B074C997-C015-4082-919B-58F6A88FF76E}.Release|Any CPU.Build.0 = Release|Any CPU
		{B074C997-C015-4082-919B-58F6A88FF76E}.Release|x64.ActiveCfg = Release|Any CPU
		{B074C997-C015-4082-919B-58F6A88FF76E}.Release|x64.Build.0 = Release|Any CPU
		{B074C997-C015-4082-919B-58F6A88FF76E}.Release|x86.ActiveCfg = Release|Any CPU
		{B074C997-C015-4082-919B-58F6A88FF76E}.Release|x86.Build.0 = Release|Any CPU
		{92AE8F8B-1BC0-4107-8DD7-97780DA23024}.Debug|Any CPU.ActiveCfg = Debug|Any CPU
		{92AE8F8B-1BC0-4107-8DD7-97780DA23024}.Debug|Any CPU.Build.0 = Debug|Any CPU
		{92AE8F8B-1BC0-4107-8DD7-97780DA23024}.Debug|x64.ActiveCfg = Debug|Any CPU
		{92AE8F8B-1BC0-4107-8DD7-97780DA23024}.Debug|x64.Build.0 = Debug|Any CPU
		{92AE8F8B-1BC0-4107-8DD7-97780DA23024}.Debug|x86.ActiveCfg = Debug|Any CPU
		{92AE8F8B-1BC0-4107-8DD7-97780DA23024}.Debug|x86.Build.0 = Debug|Any CPU
		{92AE8F8B-1BC0-4107-8DD7-97780DA23024}.Release|Any CPU.ActiveCfg = Release|Any CPU
		{92AE8F8B-1BC0-4107-8DD7-97780DA23024}.Release|Any CPU.Build.0 = Release|Any CPU
		{92AE8F8B-1BC0-4107-8DD7-97780DA23024}.Release|x64.ActiveCfg = Release|Any CPU
		{92AE8F8B-1BC0-4107-8DD7-97780DA23024}.Release|x64.Build.0 = Release|Any CPU
		{92AE8F8B-1BC0-4107-8DD7-97780DA23024}.Release|x86.ActiveCfg = Release|Any CPU
		{92AE8F8B-1BC0-4107-8DD7-97780DA23024}.Release|x86.Build.0 = Release|Any CPU
		{C52C13B0-E64C-44A0-AE4F-2CAFA042BD4B}.Debug|Any CPU.ActiveCfg = Debug|Any CPU
		{C52C13B0-E64C-44A0-AE4F-2CAFA042BD4B}.Debug|Any CPU.Build.0 = Debug|Any CPU
		{C52C13B0-E64C-44A0-AE4F-2CAFA042BD4B}.Debug|x64.ActiveCfg = Debug|Any CPU
		{C52C13B0-E64C-44A0-AE4F-2CAFA042BD4B}.Debug|x64.Build.0 = Debug|Any CPU
		{C52C13B0-E64C-44A0-AE4F-2CAFA042BD4B}.Debug|x86.ActiveCfg = Debug|Any CPU
		{C52C13B0-E64C-44A0-AE4F-2CAFA042BD4B}.Debug|x86.Build.0 = Debug|Any CPU
		{C52C13B0-E64C-44A0-AE4F-2CAFA042BD4B}.Release|Any CPU.ActiveCfg = Release|Any CPU
		{C52C13B0-E64C-44A0-AE4F-2CAFA042BD4B}.Release|Any CPU.Build.0 = Release|Any CPU
		{C52C13B0-E64C-44A0-AE4F-2CAFA042BD4B}.Release|x64.ActiveCfg = Release|Any CPU
		{C52C13B0-E64C-44A0-AE4F-2CAFA042BD4B}.Release|x64.Build.0 = Release|Any CPU
		{C52C13B0-E64C-44A0-AE4F-2CAFA042BD4B}.Release|x86.ActiveCfg = Release|Any CPU
		{C52C13B0-E64C-44A0-AE4F-2CAFA042BD4B}.Release|x86.Build.0 = Release|Any CPU
	EndGlobalSection
	GlobalSection(NestedProjects) = preSolution
		{ECD709AA-AD52-4C76-8FA4-4BD4243CBC8D} = {42210368-825C-47FE-949B-A479AF832793}
		{9499328E-E9A3-4A0E-B79E-3C6146B08815} = {42210368-825C-47FE-949B-A479AF832793}
		{B074C997-C015-4082-919B-58F6A88FF76E} = {42210368-825C-47FE-949B-A479AF832793}
		{92AE8F8B-1BC0-4107-8DD7-97780DA23024} = {42210368-825C-47FE-949B-A479AF832793}
		{C52C13B0-E64C-44A0-AE4F-2CAFA042BD4B} = {42210368-825C-47FE-949B-A479AF832793}
	EndGlobalSection
EndGlobal
